
Microsoft Visual Studio Solution File, Format Version 12.00
# Visual Studio Version 17
VisualStudioVersion = 17.5.33516.290
MinimumVisualStudioVersion = 10.0.40219.1
Project("{FAE04EC0-301F-11D3-BF4B-00C04F79EFBC}") = "Boese 7", "Boese 7\Boese 7.csproj", "{F7BFF806-C88D-41F5-B2E4-65F202F61E6A}"
EndProject
Global
	GlobalSection(SolutionConfigurationPlatforms) = preSolution
		Debug|Any CPU = Debug|Any CPU
		Release|Any CPU = Release|Any CPU
	EndGlobalSection
	GlobalSection(ProjectConfigurationPlatforms) = postSolution
		{F7BFF806-C88D-41F5-B2E4-65F202F61E6A}.Debug|Any CPU.ActiveCfg = Debug|Any CPU
		{F7BFF806-C88D-41F5-B2E4-65F202F61E6A}.Debug|Any CPU.Build.0 = Debug|Any CPU
		{F7BFF806-C88D-41F5-B2E4-65F202F61E6A}.Release|Any CPU.ActiveCfg = Release|Any CPU
		{F7BFF806-C88D-41F5-B2E4-65F202F61E6A}.Release|Any CPU.Build.0 = Release|Any CPU
	EndGlobalSection
	GlobalSection(SolutionProperties) = preSolution
		HideSolutionNode = FALSE
	EndGlobalSection
	GlobalSection(ExtensibilityGlobals) = postSolution
		SolutionGuid = {0CFE0FD6-648A-427D-8C13-4C5DD0765935}
	EndGlobalSection
EndGlobal
