
Microsoft Visual Studio Solution File, Format Version 12.00
# Visual Studio Version 17
VisualStudioVersion = 17.4.33110.190
MinimumVisualStudioVersion = 10.0.40219.1
Project("{FAE04EC0-301F-11D3-BF4B-00C04F79EFBC}") = "prj_schleifen", "prj_schleifen\prj_schleifen.csproj", "{9E57461C-4C40-438A-A5AF-9D4670B7F354}"
EndProject
Global
	GlobalSection(SolutionConfigurationPlatforms) = preSolution
		Debug|Any CPU = Debug|Any CPU
		Release|Any CPU = Release|Any CPU
	EndGlobalSection
	GlobalSection(ProjectConfigurationPlatforms) = postSolution
		{9E57461C-4C40-438A-A5AF-9D4670B7F354}.Debug|Any CPU.ActiveCfg = Debug|Any CPU
		{9E57461C-4C40-438A-A5AF-9D4670B7F354}.Debug|Any CPU.Build.0 = Debug|Any CPU
		{9E57461C-4C40-438A-A5AF-9D4670B7F354}.Release|Any CPU.ActiveCfg = Release|Any CPU
		{9E57461C-4C40-438A-A5AF-9D4670B7F354}.Release|Any CPU.Build.0 = Release|Any CPU
	EndGlobalSection
	GlobalSection(SolutionProperties) = preSolution
		HideSolutionNode = FALSE
	EndGlobalSection
	GlobalSection(ExtensibilityGlobals) = postSolution
		SolutionGuid = {C88783A0-E74F-4B3D-A219-7134534743DC}
	EndGlobalSection
EndGlobal
